{
  "name": "liteui",
  "requires": true,
  "lockfileVersion": 1,
  "dependencies": {
    "browser-assert": {
      "version": "1.2.1",
      "resolved": "https://registry.npmjs.org/browser-assert/-/browser-assert-1.2.1.tgz",
      "integrity": "sha512-nfulgvOR6S4gt9UKCeGJOuSGBPGiFT6oQ/2UBnvTY/5aQ1PnksW72fhZkM30DzoRRv2WpwZf1vHHEr3mtuXIWQ=="
    }
  }
}
